
Microsoft Visual Studio Solution File, Format Version 12.00
# Visual Studio Version 17
VisualStudioVersion = 17.11.35222.181
MinimumVisualStudioVersion = 10.0.40219.1
Project("{9A19103F-16F7-4668-BE54-9A1E7A4F7556}") = "MyCV.Server", "MyCV.Server\MyCV.Server.csproj", "{BB9BA8B1-87CE-49B6-A220-3A82F4D3A01D}"
EndProject
Project("{54A90642-561A-4BB1-A94E-469ADEE60C69}") = "mycv.client", "mycv.client\mycv.client.esproj", "{0E79F1BB-F2F2-47BB-8626-B55CD8D283B7}"
EndProject
Project("{9A19103F-16F7-4668-BE54-9A1E7A4F7556}") = "MyCV.Tests", "MyCV.Tests\MyCV.Tests.csproj", "{891BF0D5-3581-4BA8-AD55-A3BE89288165}"
EndProject
Global
	GlobalSection(SolutionConfigurationPlatforms) = preSolution
		Debug|Any CPU = Debug|Any CPU
		Release|Any CPU = Release|Any CPU
	EndGlobalSection
	GlobalSection(ProjectConfigurationPlatforms) = postSolution
		{BB9BA8B1-87CE-49B6-A220-3A82F4D3A01D}.Debug|Any CPU.ActiveCfg = Debug|Any CPU
		{BB9BA8B1-87CE-49B6-A220-3A82F4D3A01D}.Debug|Any CPU.Build.0 = Debug|Any CPU
		{BB9BA8B1-87CE-49B6-A220-3A82F4D3A01D}.Release|Any CPU.ActiveCfg = Release|Any CPU
		{BB9BA8B1-87CE-49B6-A220-3A82F4D3A01D}.Release|Any CPU.Build.0 = Release|Any CPU
		{0E79F1BB-F2F2-47BB-8626-B55CD8D283B7}.Debug|Any CPU.ActiveCfg = Debug|Any CPU
		{0E79F1BB-F2F2-47BB-8626-B55CD8D283B7}.Debug|Any CPU.Build.0 = Debug|Any CPU
		{0E79F1BB-F2F2-47BB-8626-B55CD8D283B7}.Debug|Any CPU.Deploy.0 = Debug|Any CPU
		{0E79F1BB-F2F2-47BB-8626-B55CD8D283B7}.Release|Any CPU.ActiveCfg = Release|Any CPU
		{0E79F1BB-F2F2-47BB-8626-B55CD8D283B7}.Release|Any CPU.Build.0 = Release|Any CPU
		{0E79F1BB-F2F2-47BB-8626-B55CD8D283B7}.Release|Any CPU.Deploy.0 = Release|Any CPU
		{891BF0D5-3581-4BA8-AD55-A3BE89288165}.Debug|Any CPU.ActiveCfg = Debug|Any CPU
		{891BF0D5-3581-4BA8-AD55-A3BE89288165}.Debug|Any CPU.Build.0 = Debug|Any CPU
		{891BF0D5-3581-4BA8-AD55-A3BE89288165}.Release|Any CPU.ActiveCfg = Release|Any CPU
		{891BF0D5-3581-4BA8-AD55-A3BE89288165}.Release|Any CPU.Build.0 = Release|Any CPU
	EndGlobalSection
	GlobalSection(SolutionProperties) = preSolution
		HideSolutionNode = FALSE
	EndGlobalSection
	GlobalSection(ExtensibilityGlobals) = postSolution
		SolutionGuid = {1B6FCD97-2827-4E30-95B8-A531C9328BE3}
	EndGlobalSection
EndGlobal
